<?xml version="1.0" encoding="utf-8"?>
<Project ToolsVersion="4.0" xmlns="http://schemas.microsoft.com/developer/msbuild/2003">
  <ItemGroup>
    <Filter Include="Source Files">
      <UniqueIdentifier>{4FC737F1-C7A5-4376-A066-2A32D752A2FF}</UniqueIdentifier>
      <Extensions>cpp;c;cc;cxx;c++;def;odl;idl;hpj;bat;asm;asmx</Extensions>
    </Filter>
    <Filter Include="Resource Files">
      <UniqueIdentifier>{67DA6AB6-F800-4c08-8B7A-83BB121AAD01}</UniqueIdentifier>
      <Extensions>rc;ico;cur;bmp;dlg;rc2;rct;bin;rgs;gif;jpg;jpeg;jpe;resx;tiff;tif;png;wav;mfcribbon-ms</Extensions>
    </Filter>
  </ItemGroup>
  <ItemGroup>
    <ClInclude Include="..\..\src\nonedk\WindowsUEFISecureBootDecoder\asn1.h" />
    <ClInclude Include="..\..\src\nonedk\WindowsUEFISecureBootDecoder\asn1_ber_bytecode.h" />
    <ClInclude Include="..\..\src\nonedk\WindowsUEFISecureBootDecoder\asn1_ber_decoder.h" />
    <ClInclude Include="..\..\src\nonedk\WindowsUEFISecureBootDecoder\Base.h" />
    <ClInclude Include="..\..\src\nonedk\WindowsUEFISecureBootDecoder\GlobalVariable.h" />
    <ClInclude Include="..\..\src\nonedk\WindowsUEFISecureBootDecoder\Hash.h" />
    <ClInclude Include="..\..\src\nonedk\WindowsUEFISecureBootDecoder\ImageAuthentication.h" />
    <ClInclude Include="..\..\src\nonedk\WindowsUEFISecureBootDecoder\LoadedImage.h" />
    <ClInclude Include="..\..\src\nonedk\WindowsUEFISecureBootDecoder\oid_registry.h" />
    <ClInclude Include="..\..\src\nonedk\WindowsUEFISecureBootDecoder\oid_registry_data.h" />
    <ClInclude Include="..\..\src\nonedk\WindowsUEFISecureBootDecoder\ProcessorBind.h" />
    <ClInclude Include="..\..\src\nonedk\WindowsUEFISecureBootDecoder\UefiBaseType.h" />
    <ClInclude Include="..\..\src\nonedk\WindowsUEFISecureBootDecoder\WinCertificate.h" />
    <ClInclude Include="..\..\src\nonedk\WindowsUEFISecureBootDecoder\x509.h" />
  </ItemGroup>
  <ItemGroup>
    <ClCompile Include="..\..\src\nonedk\WindowsUEFISecureBootDecoder\asn1_ber_decoder.c">
      <Filter>Source Files</Filter>
    </ClCompile>
    <ClCompile Include="..\..\src\nonedk\WindowsUEFISecureBootDecoder\oid_registry.c">
      <Filter>Source Files</Filter>
    </ClCompile>
    <ClCompile Include="..\..\src\nonedk\WindowsUEFISecureBootDecoder\SecureBootKeyDecoder.c">
      <Filter>Source Files</Filter>
    </ClCompile>
    <ClCompile Include="..\..\src\nonedk\WindowsUEFISecureBootDecoder\x509.c">
      <Filter>Source Files</Filter>
    </ClCompile>
  </ItemGroup>
  <ItemGroup>
    <None Include="..\..\src\nonedk\WindowsUEFISecureBootDecoder\README" />
    <None Include="..\..\src\nonedk\WindowsUEFISecureBootDecoder\SecureBootKeyDecoder.inf" />
  </ItemGroup>
</Project>